Microsoft Visual Studio Solution File, Format Version 12.00
# Visual Studio Version 17
VisualStudioVersion = 17.5.2.0
MinimumVisualStudioVersion = 10.0.40219.1
Project("{FAE04EC0-301F-11D3-BF4B-00C04F79EFBC}") = "LookawayApp", "LookawayApp\LookawayApp.csproj", "{BD965226-F51E-0CC2-2D63-F5FA95E08669}"
EndProject
Global
	GlobalSection(SolutionConfigurationPlatforms) = preSolution
		Debug|Any CPU = Debug|Any CPU
		Release|Any CPU = Release|Any CPU
	EndGlobalSection
	GlobalSection(ProjectConfigurationPlatforms) = postSolution
		{BD965226-F51E-0CC2-2D63-F5FA95E08669}.Debug|Any CPU.ActiveCfg = Debug|Any CPU
		{BD965226-F51E-0CC2-2D63-F5FA95E08669}.Debug|Any CPU.Build.0 = Debug|Any CPU
		{BD965226-F51E-0CC2-2D63-F5FA95E08669}.Release|Any CPU.ActiveCfg = Release|Any CPU
		{BD965226-F51E-0CC2-2D63-F5FA95E08669}.Release|Any CPU.Build.0 = Release|Any CPU
	EndGlobalSection
	GlobalSection(SolutionProperties) = preSolution
		HideSolutionNode = FALSE
	EndGlobalSection
	GlobalSection(ExtensibilityGlobals) = postSolution
		SolutionGuid = {5340CEFE-8097-4626-9134-11FDE4518C26}
	EndGlobalSection
EndGlobal
